// !$*UTF8*$!
{
	archiveVersion = 1;
	classes = {
	};
	objectVersion = 46;
	objects = {

/* Begin PBXBuildFile section */
		14653C2E1B7341E800B491DB /* AppDelegate.swift in Sources */ = {isa = PBXBuildFile; fileRef = 14653C2D1B7341E800B491DB /* AppDelegate.swift */; };
		14653C301B7341E800B491DB /* ViewController.swift in Sources */ = {isa = PBXBuildFile; fileRef = 14653C2F1B7341E800B491DB /* ViewController.swift */; };
		14653C331B7341E800B491DB /* Main.storyboard in Resources */ = {isa = PBXBuildFile; fileRef = 14653C311B7341E800B491DB /* Main.storyboard */; };
		14653C351B7341E800B491DB /* Assets.xcassets in Resources */ = {isa = PBXBuildFile; fileRef = 14653C341B7341E800B491DB /* Assets.xcassets */; };
		14653C381B7341E800B491DB /* LaunchScreen.storyboard in Resources */ = {isa = PBXBuildFile; fileRef = 14653C361B7341E800B491DB /* LaunchScreen.storyboard */; };
		14653C431B7341E800B491DB /* VesselTests.swift in Sources */ = {isa = PBXBuildFile; fileRef = 14653C421B7341E800B491DB /* VesselTests.swift */; };
		14653C4E1B7341E800B491DB /* VesselUITests.swift in Sources */ = {isa = PBXBuildFile; fileRef = 14653C4D1B7341E800B491DB /* VesselUITests.swift */; };
/* End PBXBuildFile section */

/* Begin PBXContainerItemProxy section */
		14653C3F1B7341E800B491DB /* PBXContainerItemProxy */ = {
			isa = PBXContainerItemProxy;
			containerPortal = 14653C221B7341E800B491DB /* Project object */;
			proxyType = 1;
			remoteGlobalIDString = 14653C291B7341E800B491DB;
			remoteInfo = Vessel;
		};
		14653C4A1B7341E800B491DB /* PBXContainerItemProxy */ = {
			isa = PBXContainerItemProxy;
			containerPortal = 14653C221B7341E800B491DB /* Project object */;
			proxyType = 1;
			remoteGlobalIDString = 14653C291B7341E800B491DB;
			remoteInfo = Vessel;
		};
/* End PBXContainerItemProxy section */

/* Begin PBXFileReference section */
		14653C2A1B7341E800B491DB /* Vessel.app */ = {isa = PBXFileReference; explicitFileType = wrapper.application; includeInIndex = 0; path = Vessel.app; sourceTree = BUILT_PRODUCTS_DIR; };
		14653C2D1B7341E800B491DB /* AppDelegate.swift */ = {isa = PBXFileReference; lastKnownFileType = sourcecode.swift; path = AppDelegate.swift; sourceTree = "<group>"; };
		14653C2F1B7341E800B491DB /* ViewController.swift */ = {isa = PBXFileReference; lastKnownFileType = sourcecode.swift; path = ViewController.swift; sourceTree = "<group>"; };
		14653C321B7341E800B491DB /* Base */ = {isa = PBXFileReference; lastKnownFileType = file.storyboard; name = Base; path = Base.lproj/Main.storyboard; sourceTree = "<group>"; };
		14653C341B7341E800B491DB /* Assets.xcassets */ = {isa = PBXFileReference; lastKnownFileType = folder.assetcatalog; path = Assets.xcassets; sourceTree = "<group>"; };
		14653C371B7341E800B491DB /* Base */ = {isa = PBXFileReference; lastKnownFileType = file.storyboard; name = Base; path = Base.lproj/LaunchScreen.storyboard; sourceTree = "<group>"; };
		14653C391B7341E800B491DB /* Info.plist */ = {isa = PBXFileReference; lastKnownFileType = text.plist.xml; path = Info.plist; sourceTree = "<group>"; };
		14653C3E1B7341E800B491DB /* VesselTests.xctest */ = {isa = PBXFileReference; explicitFileType = wrapper.cfbundle; includeInIndex = 0; path = VesselTests.xctest; sourceTree = BUILT_PRODUCTS_DIR; };
		14653C421B7341E800B491DB /* VesselTests.swift */ = {isa = PBXFileReference; lastKnownFileType = sourcecode.swift; path = VesselTests.swift; sourceTree = "<group>"; };
		14653C441B7341E800B491DB /* Info.plist */ = {isa = PBXFileReference; lastKnownFileType = text.plist.xml; path = Info.plist; sourceTree = "<group>"; };
		14653C491B7341E800B491DB /* VesselUITests.xctest */ = {isa = PBXFileReference; explicitFileType = wrapper.cfbundle; includeInIndex = 0; path = VesselUITests.xctest; sourceTree = BUILT_PRODUCTS_DIR; };
		14653C4D1B7341E800B491DB /* VesselUITests.swift */ = {isa = PBXFileReference; lastKnownFileType = sourcecode.swift; path = VesselUITests.swift; sourceTree = "<group>"; };
		14653C4F1B7341E800B491DB /* Info.plist */ = {isa = PBXFileReference; lastKnownFileType = text.plist.xml; path = Info.plist; sourceTree = "<group>"; };
/* End PBXFileReference section */

/* Begin PBXFrameworksBuildPhase section */
		14653C271B7341E800B491DB /* Frameworks */ = {
			isa = PBXFrameworksBuildPhase;
			buildActionMask = 2147483647;
			files = (
			);
			runOnlyForDeploymentPostprocessing = 0;
		};
		14653C3B1B7341E800B491DB /* Frameworks */ = {
			isa = PBXFrameworksBuildPhase;
			buildActionMask = 2147483647;
			files = (
			);
			runOnlyForDeploymentPostprocessing = 0;
		};
		14653C461B7341E800B491DB /* Frameworks */ = {
			isa = PBXFrameworksBuildPhase;
			buildActionMask = 2147483647;
			files = (
			);
			runOnlyForDeploymentPostprocessing = 0;
		};
/* End PBXFrameworksBuildPhase section */

/* Begin PBXGroup section */
		14653C211B7341E800B491DB = {
			isa = PBXGroup;
			children = (
				14653C2C1B7341E800B491DB /* Vessel */,
				14653C411B7341E800B491DB /* VesselTests */,
				14653C4C1B7341E800B491DB /* VesselUITests */,
				14653C2B1B7341E800B491DB /* Products */,
			);
			sourceTree = "<group>";
		};
		14653C2B1B7341E800B491DB /* Products */ = {
			isa = PBXGroup;
			children = (
				14653C2A1B7341E800B491DB /* Vessel.app */,
				14653C3E1B7341E800B491DB /* VesselTests.xctest */,
				14653C491B7341E800B491DB /* VesselUITests.xctest */,
			);
			name = Products;
			sourceTree = "<group>";
		};
		14653C2C1B7341E800B491DB /* Vessel */ = {
			isa = PBXGroup;
			children = (
				14653C2D1B7341E800B491DB /* AppDelegate.swift */,
				14653C2F1B7341E800B491DB /* ViewController.swift */,
				14653C311B7341E800B491DB /* Main.storyboard */,
				14653C341B7341E800B491DB /* Assets.xcassets */,
				14653C361B7341E800B491DB /* LaunchScreen.storyboard */,
				14653C391B7341E800B491DB /* Info.plist */,
			);
			path = Vessel;
			sourceTree = "<group>";
		};
		14653C411B7341E800B491DB /* VesselTests */ = {
			isa = PBXGroup;
			children = (
				14653C421B7341E800B491DB /* VesselTests.swift */,
				14653C441B7341E800B491DB /* Info.plist */,
			);
			path = VesselTests;
			sourceTree = "<group>";
		};
		14653C4C1B7341E800B491DB /* VesselUITests */ = {
			isa = PBXGroup;
			children = (
				14653C4D1B7341E800B491DB /* VesselUITests.swift */,
				14653C4F1B7341E800B491DB /* Info.plist */,
			);
			path = VesselUITests;
			sourceTree = "<group>";
		};
/* End PBXGroup section */

/* Begin PBXNativeTarget section */
		14653C291B7341E800B491DB /* Vessel */ = {
			isa = PBXNativeTarget;
			buildConfigurationList = 14653C521B7341E800B491DB /* Build configuration list for PBXNativeTarget "Vessel" */;
			buildPhases = (
				14653C261B7341E800B491DB /* Sources */,
				14653C271B7341E800B491DB /* Frameworks */,
				14653C281B7341E800B491DB /* Resources */,
			);
			buildRules = (
			);
			dependencies = (
			);
			name = Vessel;
			productName = Vessel;
			productReference = 14653C2A1B7341E800B491DB /* Vessel.app */;
			productType = "com.apple.product-type.application";
		};
		14653C3D1B7341E800B491DB /* VesselTests */ = {
			isa = PBXNativeTarget;
			buildConfigurationList = 14653C551B7341E800B491DB /* Build configuration list for PBXNativeTarget "VesselTests" */;
			buildPhases = (
				14653C3A1B7341E800B491DB /* Sources */,
				14653C3B1B7341E800B491DB /* Frameworks */,
				14653C3C1B7341E800B491DB /* Resources */,
			);
			buildRules = (
			);
			dependencies = (
				14653C401B7341E800B491DB /* PBXTargetDependency */,
			);
			name = VesselTests;
			productName = VesselTests;
			productReference = 14653C3E1B7341E800B491DB /* VesselTests.xctest */;
			productType = "com.apple.product-type.bundle.unit-test";
		};
		14653C481B7341E800B491DB /* VesselUITests */ = {
			isa = PBXNativeTarget;
			buildConfigurationList = 14653C581B7341E800B491DB /* Build configuration list for PBXNativeTarget "VesselUITests" */;
			buildPhases = (
				14653C451B7341E800B491DB /* Sources */,
				14653C461B7341E800B491DB /* Frameworks */,
				14653C471B7341E800B491DB /* Resources */,
			);
			buildRules = (
			);
			dependencies = (
				14653C4B1B7341E800B491DB /* PBXTargetDependency */,
			);
			name = VesselUITests;
			productName = VesselUITests;
			productReference = 14653C491B7341E800B491DB /* VesselUITests.xctest */;
			productType = "com.apple.product-type.bundle.ui-testing";
		};
/* End PBXNativeTarget section */

/* Begin PBXProject section */
		14653C221B7341E800B491DB /* Project object */ = {
			isa = PBXProject;
			attributes = {
				LastUpgradeCheck = 0700;
				ORGANIZATIONNAME = "Sean Crabtree";
				TargetAttributes = {
					14653C291B7341E800B491DB = {
						CreatedOnToolsVersion = 7.0;
					};
					14653C3D1B7341E800B491DB = {
						CreatedOnToolsVersion = 7.0;
						TestTargetID = 14653C291B7341E800B491DB;
					};
					14653C481B7341E800B491DB = {
						CreatedOnToolsVersion = 7.0;
						TestTargetID = 14653C291B7341E800B491DB;
					};
				};
			};
			buildConfigurationList = 14653C251B7341E800B491DB /* Build configuration list for PBXProject "Vessel" */;
			compatibilityVersion = "Xcode 3.2";
			developmentRegion = English;
			hasScannedForEncodings = 0;
			knownRegions = (
				en,
				Base,
			);
			mainGroup = 14653C211B7341E800B491DB;
			productRefGroup = 14653C2B1B7341E800B491DB /* Products */;
			projectDirPath = "";
			projectRoot = "";
			targets = (
				14653C291B7341E800B491DB /* Vessel */,
				14653C3D1B7341E800B491DB /* VesselTests */,
				14653C481B7341E800B491DB /* VesselUITests */,
			);
		};
/* End PBXProject section */

/* Begin PBXResourcesBuildPhase section */
		14653C281B7341E800B491DB /* Resources */ = {
			isa = PBXResourcesBuildPhase;
			buildActionMask = 2147483647;
			files = (
				14653C381B7341E800B491DB /* LaunchScreen.storyboard in Resources */,
				14653C351B7341E800B491DB /* Assets.xcassets in Resources */,
				14653C331B7341E800B491DB /* Main.storyboard in Resources */,
			);
			runOnlyForDeploymentPostprocessing = 0;
		};
		14653C3C1B7341E800B491DB /* Resources */ = {
			isa = PBXResourcesBuildPhase;
			buildActionMask = 2147483647;
			files = (
			);
			runOnlyForDeploymentPostprocessing = 0;
		};
		14653C471B7341E800B491DB /* Resources */ = {
			isa = PBXResourcesBuildPhase;
			buildActionMask = 2147483647;
			files = (
			);
			runOnlyForDeploymentPostprocessing = 0;
		};
/* End PBXResourcesBuildPhase section */

/* Begin PBXSourcesBuildPhase section */
		14653C261B7341E800B491DB /* Sources */ = {
			isa = PBXSourcesBuildPhase;
			buildActionMask = 2147483647;
			files = (
				14653C301B7341E800B491DB /* ViewController.swift in Sources */,
				14653C2E1B7341E800B491DB /* AppDelegate.swift in Sources */,
			);
			runOnlyForDeploymentPostprocessing = 0;
		};
		14653C3A1B7341E800B491DB /* Sources */ = {
			isa = PBXSourcesBuildPhase;
			buildActionMask = 2147483647;
			files = (
				14653C431B7341E800B491DB /* VesselTests.swift in Sources */,
			);
			runOnlyForDeploymentPostprocessing = 0;
		};
		14653C451B7341E800B491DB /* Sources */ = {
			isa = PBXSourcesBuildPhase;
			buildActionMask = 2147483647;
			files = (
				14653C4E1B7341E800B491DB /* VesselUITests.swift in Sources */,
			);
			runOnlyForDeploymentPostprocessing = 0;
		};
/* End PBXSourcesBuildPhase section */

/* Begin PBXTargetDependency section */
		14653C401B7341E800B491DB /* PBXTargetDependency */ = {
			isa = PBXTargetDependency;
			target = 14653C291B7341E800B491DB /* Vessel */;
			targetProxy = 14653C3F1B7341E800B491DB /* PBXContainerItemProxy */;
		};
		14653C4B1B7341E800B491DB /* PBXTargetDependency */ = {
			isa = PBXTargetDependency;
			target = 14653C291B7341E800B491DB /* Vessel */;
			targetProxy = 14653C4A1B7341E800B491DB /* PBXContainerItemProxy */;
		};
/* End PBXTargetDependency section */

/* Begin PBXVariantGroup section */
		14653C311B7341E800B491DB /* Main.storyboard */ = {
			isa = PBXVariantGroup;
			children = (
				14653C321B7341E800B491DB /* Base */,
			);
			name = Main.storyboard;
			sourceTree = "<group>";
		};
		14653C361B7341E800B491DB /* LaunchScreen.storyboard */ = {
			isa = PBXVariantGroup;
			children = (
				14653C371B7341E800B491DB /* Base */,
			);
			name = LaunchScreen.storyboard;
			sourceTree = "<group>";
		};
/* End PBXVariantGroup section */

/* Begin XCBuildConfiguration section */
		14653C501B7341E800B491DB /* Debug */ = {
			isa = XCBuildConfiguration;
			buildSettings = {
				ALWAYS_SEARCH_USER_PATHS = NO;
				CLANG_CXX_LANGUAGE_STANDARD = "gnu++0x";
				CLANG_CXX_LIBRARY = "libc++";
				CLANG_ENABLE_MODULES = YES;
				CLANG_ENABLE_OBJC_ARC = YES;
				CLANG_WARN_BOOL_CONVERSION = YES;
				CLANG_WARN_CONSTANT_CONVERSION = YES;
				CLANG_WARN_DIRECT_OBJC_ISA_USAGE = YES_ERROR;
				CLANG_WARN_EMPTY_BODY = YES;
				CLANG_WARN_ENUM_CONVERSION = YES;
				CLANG_WARN_INT_CONVERSION = YES;
				CLANG_WARN_OBJC_ROOT_CLASS = YES_ERROR;
				CLANG_WARN_UNREACHABLE_CODE = YES;
				CLANG_WARN__DUPLICATE_METHOD_MATCH = YES;
				"CODE_SIGN_IDENTITY[sdk=iphoneos*]" = "iPhone Developer";
				COPY_PHASE_STRIP = NO;
				DEBUG_INFORMATION_FORMAT = dwarf;
				ENABLE_STRICT_OBJC_MSGSEND = YES;
				ENABLE_TESTABILITY = YES;
				GCC_C_LANGUAGE_STANDARD = gnu99;
				GCC_DYNAMIC_NO_PIC = NO;
				GCC_NO_COMMON_BLOCKS = YES;
				GCC_OPTIMIZATION_LEVEL = 0;
				GCC_PREPROCESSOR_DEFINITIONS = (
					"DEBUG=1",
					"$(inherited)",
				);
				GCC_WARN_64_TO_32_BIT_CONVERSION = YES;
				GCC_WARN_ABOUT_RETURN_TYPE = YES_ERROR;
				GCC_WARN_UNDECLARED_SELECTOR = YES;
				GCC_WARN_UNINITIALIZED_AUTOS = YES_AGGRESSIVE;
				GCC_WARN_UNUSED_FUNCTION = YES;
				GCC_WARN_UNUSED_VARIABLE = YES;
				IPHONEOS_DEPLOYMENT_TARGET = 9.0;
				MTL_ENABLE_DEBUG_INFO = YES;
				ONLY_ACTIVE_ARCH = YES;
				SDKROOT = iphoneos;
				SWIFT_OPTIMIZATION_LEVEL = "-Onone";
			};
			name = Debug;
		};
		14653C511B7341E800B491DB /* Release */ = {
			isa = XCBuildConfiguration;
			buildSettings = {
				ALWAYS_SEARCH_USER_PATHS = NO;
				CLANG_CXX_LANGUAGE_STANDARD = "gnu++0x";
				CLANG_CXX_LIBRARY = "libc++";
				CLANG_ENABLE_MODULES = YES;
				CLANG_ENABLE_OBJC_ARC = YES;
				CLANG_WARN_BOOL_CONVERSION = YES;
				CLANG_WARN_CONSTANT_CONVERSION = YES;
				CLANG_WARN_DIRECT_OBJC_ISA_USAGE = YES_ERROR;
				CLANG_WARN_EMPTY_BODY = YES;
				CLANG_WARN_ENUM_CONVERSION = YES;
				CLANG_WARN_INT_CONVERSION = YES;
				CLANG_WARN_OBJC_ROOT_CLASS = YES_ERROR;
				CLANG_WARN_UNREACHABLE_CODE = YES;
				CLANG_WARN__DUPLICATE_METHOD_MATCH = YES;
				"CODE_SIGN_IDENTITY[sdk=iphoneos*]" = "iPhone Developer";
				COPY_PHASE_STRIP = NO;
				DEBUG_INFORMATION_FORMAT = "dwarf-with-dsym";
				ENABLE_NS_ASSERTIONS = NO;
				ENABLE_STRICT_OBJC_MSGSEND = YES;
				GCC_C_LANGUAGE_STANDARD = gnu99;
				GCC_NO_COMMON_BLOCKS = YES;
				GCC_WARN_64_TO_32_BIT_CONVERSION = YES;
				GCC_WARN_ABOUT_RETURN_TYPE = YES_ERROR;
				GCC_WARN_UNDECLARED_SELECTOR = YES;
				GCC_WARN_UNINITIALIZED_AUTOS = YES_AGGRESSIVE;
				GCC_WARN_UNUSED_FUNCTION = YES;
				GCC_WARN_UNUSED_VARIABLE = YES;
				IPHONEOS_DEPLOYMENT_TARGET = 9.0;
				MTL_ENABLE_DEBUG_INFO = NO;
				SDKROOT = iphoneos;
				VALIDATE_PRODUCT = YES;
			};
			name = Release;
		};
		14653C531B7341E800B491DB /* Debug */ = {
			isa = XCBuildConfiguration;
			buildSettings = {
				ASSETCATALOG_COMPILER_APPICON_NAME = AppIcon;
				INFOPLIST_FILE = Vessel/Info.plist;
				LD_RUNPATH_SEARCH_PATHS = "$(inherited) @executable_path/Frameworks";
				PRODUCT_BUNDLE_IDENTIFIER = com.scrabtree.Vessel;
				PRODUCT_NAME = "$(TARGET_NAME)";
			};
			name = Debug;
		};
		14653C541B7341E800B491DB /* Release */ = {
			isa = XCBuildConfiguration;
			buildSettings = {
				ASSETCATALOG_COMPILER_APPICON_NAME = AppIcon;
				INFOPLIST_FILE = Vessel/Info.plist;
				LD_RUNPATH_SEARCH_PATHS = "$(inherited) @executable_path/Frameworks";
				PRODUCT_BUNDLE_IDENTIFIER = com.scrabtree.Vessel;
				PRODUCT_NAME = "$(TARGET_NAME)";
			};
			name = Release;
		};
		14653C561B7341E800B491DB /* Debug */ = {
			isa = XCBuildConfiguration;
			buildSettings = {
				BUNDLE_LOADER = "$(TEST_HOST)";
				INFOPLIST_FILE = VesselTests/Info.plist;
				LD_RUNPATH_SEARCH_PATHS = "$(inherited) @executable_path/Frameworks @loader_path/Frameworks";
				PRODUCT_BUNDLE_IDENTIFIER = com.scrabtree.VesselTests;
				PRODUCT_NAME = "$(TARGET_NAME)";
				TEST_HOST = "$(BUILT_PRODUCTS_DIR)/Vessel.app/Vessel";
			};
			name = Debug;
		};
		14653C571B7341E800B491DB /* Release */ = {
			isa = XCBuildConfiguration;
			buildSettings = {
				BUNDLE_LOADER = "$(TEST_HOST)";
				INFOPLIST_FILE = VesselTests/Info.plist;
				LD_RUNPATH_SEARCH_PATHS = "$(inherited) @executable_path/Frameworks @loader_path/Frameworks";
				PRODUCT_BUNDLE_IDENTIFIER = com.scrabtree.VesselTests;
				PRODUCT_NAME = "$(TARGET_NAME)";
				TEST_HOST = "$(BUILT_PRODUCTS_DIR)/Vessel.app/Vessel";
			};
			name = Release;
		};
		14653C591B7341E800B491DB /* Debug */ = {
			isa = XCBuildConfiguration;
			buildSettings = {
				INFOPLIST_FILE = VesselUITests/Info.plist;
				LD_RUNPATH_SEARCH_PATHS = "$(inherited) @executable_path/Frameworks @loader_path/Frameworks";
				PRODUCT_BUNDLE_IDENTIFIER = com.scrabtree.VesselUITests;
				PRODUCT_NAME = "$(TARGET_NAME)";
				TEST_TARGET_NAME = Vessel;
				USES_XCTRUNNER = YES;
			};
			name = Debug;
		};
		14653C5A1B7341E800B491DB /* Release */ = {
			isa = XCBuildConfiguration;
			buildSettings = {
				INFOPLIST_FILE = VesselUITests/Info.plist;
				LD_RUNPATH_SEARCH_PATHS = "$(inherited) @executable_path/Frameworks @loader_path/Frameworks";
				PRODUCT_BUNDLE_IDENTIFIER = com.scrabtree.VesselUITests;
				PRODUCT_NAME = "$(TARGET_NAME)";
				TEST_TARGET_NAME = Vessel;
				USES_XCTRUNNER = YES;
			};
			name = Release;
		};
/* End XCBuildConfiguration section */

/* Begin XCConfigurationList section */
		14653C251B7341E800B491DB /* Build configuration list for PBXProject "Vessel" */ = {
			isa = XCConfigurationList;
			buildConfigurations = (
				14653C501B7341E800B491DB /* Debug */,
				14653C511B7341E800B491DB /* Release */,
			);
			defaultConfigurationIsVisible = 0;
			defaultConfigurationName = Release;
		};
		14653C521B7341E800B491DB /* Build configuration list for PBXNativeTarget "Vessel" */ = {
			isa = XCConfigurationList;
			buildConfigurations = (
				14653C531B7341E800B491DB /* Debug */,
				14653C541B7341E800B491DB /* Release */,
			);
			defaultConfigurationIsVisible = 0;
		};
		14653C551B7341E800B491DB /* Build configuration list for PBXNativeTarget "VesselTests" */ = {
			isa = XCConfigurationList;
			buildConfigurations = (
				14653C561B7341E800B491DB /* Debug */,
				14653C571B7341E800B491DB /* Release */,
			);
			defaultConfigurationIsVisible = 0;
		};
		14653C581B7341E800B491DB /* Build configuration list for PBXNativeTarget "VesselUITests" */ = {
			isa = XCConfigurationList;
			buildConfigurations = (
				14653C591B7341E800B491DB /* Debug */,
				14653C5A1B7341E800B491DB /* Release */,
			);
			defaultConfigurationIsVisible = 0;
		};
/* End XCConfigurationList section */
	};
	rootObject = 14653C221B7341E800B491DB /* Project object */;
}
